
Microsoft Visual Studio Solution File, Format Version 12.00
# Visual Studio Version 17
VisualStudioVersion = 17.1.32228.430
MinimumVisualStudioVersion = 10.0.40219.1
Project("{FAE04EC0-301F-11D3-BF4B-00C04F79EFBC}") = "Calculator-Nikolay", "Calculator-Nikolay.csproj", "{F63F7685-34C7-48E2-8841-17E78A872DD2}"
EndProject
Project("{9A19103F-16F7-4668-BE54-9A1E7A4F7556}") = "Calculator.Tests", "..\Calculator.Tests\Calculator.Tests.csproj", "{2AA307B0-7175-4F9F-9C7D-A8EF53457452}"
EndProject
Project("{FAE04EC0-301F-11D3-BF4B-00C04F79EFBC}") = "CalculatorWeb", "..\CalculatorWeb\CalculatorWeb.csproj", "{28D18FC6-9FDA-4990-A18B-FE6314C49B71}"
EndProject
Global
	GlobalSection(SolutionConfigurationPlatforms) = preSolution
		Debug|Any CPU = Debug|Any CPU
		Release|Any CPU = Release|Any CPU
	EndGlobalSection
	GlobalSection(ProjectConfigurationPlatforms) = postSolution
		{F63F7685-34C7-48E2-8841-17E78A872DD2}.Debug|Any CPU.ActiveCfg = Debug|Any CPU
		{F63F7685-34C7-48E2-8841-17E78A872DD2}.Debug|Any CPU.Build.0 = Debug|Any CPU
		{F63F7685-34C7-48E2-8841-17E78A872DD2}.Release|Any CPU.ActiveCfg = Release|Any CPU
		{F63F7685-34C7-48E2-8841-17E78A872DD2}.Release|Any CPU.Build.0 = Release|Any CPU
		{2AA307B0-7175-4F9F-9C7D-A8EF53457452}.Debug|Any CPU.ActiveCfg = Debug|Any CPU
		{2AA307B0-7175-4F9F-9C7D-A8EF53457452}.Debug|Any CPU.Build.0 = Debug|Any CPU
		{2AA307B0-7175-4F9F-9C7D-A8EF53457452}.Release|Any CPU.ActiveCfg = Release|Any CPU
		{2AA307B0-7175-4F9F-9C7D-A8EF53457452}.Release|Any CPU.Build.0 = Release|Any CPU
		{28D18FC6-9FDA-4990-A18B-FE6314C49B71}.Debug|Any CPU.ActiveCfg = Debug|Any CPU
		{28D18FC6-9FDA-4990-A18B-FE6314C49B71}.Debug|Any CPU.Build.0 = Debug|Any CPU
		{28D18FC6-9FDA-4990-A18B-FE6314C49B71}.Release|Any CPU.ActiveCfg = Release|Any CPU
		{28D18FC6-9FDA-4990-A18B-FE6314C49B71}.Release|Any CPU.Build.0 = Release|Any CPU
	EndGlobalSection
	GlobalSection(SolutionProperties) = preSolution
		HideSolutionNode = FALSE
	EndGlobalSection
	GlobalSection(ExtensibilityGlobals) = postSolution
		SolutionGuid = {5994A5D0-3B94-482E-ACA2-C877AB8B8A26}
	EndGlobalSection
EndGlobal
